
Microsoft Visual Studio Solution File, Format Version 12.00
Project("{2150E333-8FDC-42A3-9474-1A3956D46DE8}") = "src", "src", "{B1140821-C26A-4A14-BDE1-F3C30000CD81}"
EndProject
Project("{2150E333-8FDC-42A3-9474-1A3956D46DE8}") = "test", "test", "{1F3119E6-1C03-4169-BA66-0B10C4EAB0CE}"
EndProject
Project("{2150E333-8FDC-42A3-9474-1A3956D46DE8}") = "applications", "applications", "{E5619A59-360F-41E5-ADC4-7FEAD626A72E}"
EndProject
Project("{2150E333-8FDC-42A3-9474-1A3956D46DE8}") = "interfaces", "interfaces", "{BB6FBA33-5019-4E79-AB66-FCA31F19C84E}"
EndProject
Project("{2150E333-8FDC-42A3-9474-1A3956D46DE8}") = "libs", "libs", "{8765576F-B9D1-4D96-BA28-0D2383047C20}"
EndProject
Project("{2150E333-8FDC-42A3-9474-1A3956D46DE8}") = "applications", "applications", "{F305D5F7-8D93-4C61-9F1F-EEB1B8DC8833}"
EndProject
Project("{2150E333-8FDC-42A3-9474-1A3956D46DE8}") = "interfaces", "interfaces", "{C586ED47-92A9-41A9-985D-5D3441B3C889}"
EndProject
Project("{2150E333-8FDC-42A3-9474-1A3956D46DE8}") = "libs", "libs", "{C29CA08D-27B4-4106-A9D4-048DFA156DB7}"
EndProject
Project("{FAE04EC0-301F-11D3-BF4B-00C04F79EFBC}") = "Caracal.Text", "src\libs\Caracal.Text\Caracal.Text.csproj", "{2264FF2D-2119-400A-B4FD-42D3D411147F}"
EndProject
Project("{FAE04EC0-301F-11D3-BF4B-00C04F79EFBC}") = "Caracal.Text.Tests.Unit", "test\libs\Caracal.Text.Tests.Unit\Caracal.Text.Tests.Unit.csproj", "{945DBE69-AFDD-4C54-88A1-55A849D40552}"
EndProject
Project("{FAE04EC0-301F-11D3-BF4B-00C04F79EFBC}") = "Caracal.Messaging", "src\libs\Caracal.Messaging\Caracal.Messaging.csproj", "{2311A0B7-451B-48B3-98F7-DBFC825F44A6}"
EndProject
Project("{FAE04EC0-301F-11D3-BF4B-00C04F79EFBC}") = "Caracal.Messaging.Console.Demo", "src\interfaces\Caracal.Messaging.Console.Demo\Caracal.Messaging.Console.Demo.csproj", "{8DFB4A68-ABDD-4406-A45E-CC57E5F262E1}"
EndProject
Project("{2150E333-8FDC-42A3-9474-1A3956D46DE8}") = "dockerCompose", "dockerCompose", "{50FF4E3F-2DFE-4FD0-9C5E-715F1B1A50CF}"
EndProject
Project("{FAE04EC0-301F-11D3-BF4B-00C04F79EFBC}") = "docker-compose", "dockerCompose\docker-compose.dcproj", "{C89AF81C-96BB-46F2-B0BE-6CDA86B7FA74}"
EndProject
Project("{FAE04EC0-301F-11D3-BF4B-00C04F79EFBC}") = "Caracal.Lang", "src\libs\Caracal.Lang\Caracal.Lang.csproj", "{B73CB9E7-7D8E-4DBE-8D38-0E4C46488BEF}"
EndProject
Project("{FAE04EC0-301F-11D3-BF4B-00C04F79EFBC}") = "Caracal.Lang.Tests.Unit", "test\libs\Caracal.Lang.Tests.Unit\Caracal.Lang.Tests.Unit.csproj", "{478625C2-F694-4923-B7DA-C4D89670A199}"
EndProject
Project("{FAE04EC0-301F-11D3-BF4B-00C04F79EFBC}") = "Caracal.Messaging.Mqtt", "src\libs\Caracal.Messaging.Mqtt\Caracal.Messaging.Mqtt.csproj", "{D2A7CC82-76AA-4513-8391-984B7D4B7113}"
EndProject
Project("{FAE04EC0-301F-11D3-BF4B-00C04F79EFBC}") = "Caracal.Messaging.Mqtt.Tests.Unit", "test\libs\Caracal.Messaging.Mqtt.Tests.Unit\Caracal.Messaging.Mqtt.Tests.Unit.csproj", "{CD1760B7-1FA8-4C87-A893-E32A3AB53687}"
EndProject
Project("{FAE04EC0-301F-11D3-BF4B-00C04F79EFBC}") = "Caracal.Elysium.Services", "src\interfaces\Caracal.Elysium.Services\Caracal.Elysium.Services.csproj", "{520C67AA-5147-4BA7-9FE1-D01C840B196B}"
EndProject
Project("{FAE04EC0-301F-11D3-BF4B-00C04F79EFBC}") = "Caracal.Elysium.IOT.Application", "src\applications\Caracal.Elysium.IOT.Application\Caracal.Elysium.IOT.Application.csproj", "{4700F186-9FA3-452C-9D9D-F5AA2FFF5E22}"
EndProject
Project("{FAE04EC0-301F-11D3-BF4B-00C04F79EFBC}") = "Caracal.IOT", "src\libs\Caracal.IOT\Caracal.IOT.csproj", "{4815AEB7-EC4E-483D-B9D2-E41BD5C028CB}"
EndProject
Project("{FAE04EC0-301F-11D3-BF4B-00C04F79EFBC}") = "Caracal.Messaging.Mqtt.Tests.Integration", "test\libs\Caracal.Messaging.Mqtt.Tests.Integration\Caracal.Messaging.Mqtt.Tests.Integration.csproj", "{24F178F5-4C72-4E93-9643-E50BA549685A}"
EndProject
Global
	GlobalSection(SolutionConfigurationPlatforms) = preSolution
		Debug|Any CPU = Debug|Any CPU
		Release|Any CPU = Release|Any CPU
	EndGlobalSection
	GlobalSection(NestedProjects) = preSolution
		{E5619A59-360F-41E5-ADC4-7FEAD626A72E} = {B1140821-C26A-4A14-BDE1-F3C30000CD81}
		{BB6FBA33-5019-4E79-AB66-FCA31F19C84E} = {B1140821-C26A-4A14-BDE1-F3C30000CD81}
		{8765576F-B9D1-4D96-BA28-0D2383047C20} = {B1140821-C26A-4A14-BDE1-F3C30000CD81}
		{F305D5F7-8D93-4C61-9F1F-EEB1B8DC8833} = {1F3119E6-1C03-4169-BA66-0B10C4EAB0CE}
		{C586ED47-92A9-41A9-985D-5D3441B3C889} = {1F3119E6-1C03-4169-BA66-0B10C4EAB0CE}
		{C29CA08D-27B4-4106-A9D4-048DFA156DB7} = {1F3119E6-1C03-4169-BA66-0B10C4EAB0CE}
		{2264FF2D-2119-400A-B4FD-42D3D411147F} = {8765576F-B9D1-4D96-BA28-0D2383047C20}
		{945DBE69-AFDD-4C54-88A1-55A849D40552} = {C29CA08D-27B4-4106-A9D4-048DFA156DB7}
		{2311A0B7-451B-48B3-98F7-DBFC825F44A6} = {8765576F-B9D1-4D96-BA28-0D2383047C20}
		{8DFB4A68-ABDD-4406-A45E-CC57E5F262E1} = {BB6FBA33-5019-4E79-AB66-FCA31F19C84E}
		{C89AF81C-96BB-46F2-B0BE-6CDA86B7FA74} = {50FF4E3F-2DFE-4FD0-9C5E-715F1B1A50CF}
		{B73CB9E7-7D8E-4DBE-8D38-0E4C46488BEF} = {8765576F-B9D1-4D96-BA28-0D2383047C20}
		{478625C2-F694-4923-B7DA-C4D89670A199} = {C29CA08D-27B4-4106-A9D4-048DFA156DB7}
		{D2A7CC82-76AA-4513-8391-984B7D4B7113} = {8765576F-B9D1-4D96-BA28-0D2383047C20}
		{CD1760B7-1FA8-4C87-A893-E32A3AB53687} = {C29CA08D-27B4-4106-A9D4-048DFA156DB7}
		{520C67AA-5147-4BA7-9FE1-D01C840B196B} = {BB6FBA33-5019-4E79-AB66-FCA31F19C84E}
		{4700F186-9FA3-452C-9D9D-F5AA2FFF5E22} = {E5619A59-360F-41E5-ADC4-7FEAD626A72E}
		{4815AEB7-EC4E-483D-B9D2-E41BD5C028CB} = {8765576F-B9D1-4D96-BA28-0D2383047C20}
		{24F178F5-4C72-4E93-9643-E50BA549685A} = {C29CA08D-27B4-4106-A9D4-048DFA156DB7}
	EndGlobalSection
	GlobalSection(ProjectConfigurationPlatforms) = postSolution
		{2264FF2D-2119-400A-B4FD-42D3D411147F}.Debug|Any CPU.ActiveCfg = Debug|Any CPU
		{2264FF2D-2119-400A-B4FD-42D3D411147F}.Debug|Any CPU.Build.0 = Debug|Any CPU
		{2264FF2D-2119-400A-B4FD-42D3D411147F}.Release|Any CPU.ActiveCfg = Release|Any CPU
		{2264FF2D-2119-400A-B4FD-42D3D411147F}.Release|Any CPU.Build.0 = Release|Any CPU
		{945DBE69-AFDD-4C54-88A1-55A849D40552}.Debug|Any CPU.ActiveCfg = Debug|Any CPU
		{945DBE69-AFDD-4C54-88A1-55A849D40552}.Debug|Any CPU.Build.0 = Debug|Any CPU
		{945DBE69-AFDD-4C54-88A1-55A849D40552}.Release|Any CPU.ActiveCfg = Release|Any CPU
		{945DBE69-AFDD-4C54-88A1-55A849D40552}.Release|Any CPU.Build.0 = Release|Any CPU
		{2311A0B7-451B-48B3-98F7-DBFC825F44A6}.Debug|Any CPU.ActiveCfg = Debug|Any CPU
		{2311A0B7-451B-48B3-98F7-DBFC825F44A6}.Debug|Any CPU.Build.0 = Debug|Any CPU
		{2311A0B7-451B-48B3-98F7-DBFC825F44A6}.Release|Any CPU.ActiveCfg = Release|Any CPU
		{2311A0B7-451B-48B3-98F7-DBFC825F44A6}.Release|Any CPU.Build.0 = Release|Any CPU
		{8DFB4A68-ABDD-4406-A45E-CC57E5F262E1}.Debug|Any CPU.ActiveCfg = Debug|Any CPU
		{8DFB4A68-ABDD-4406-A45E-CC57E5F262E1}.Debug|Any CPU.Build.0 = Debug|Any CPU
		{8DFB4A68-ABDD-4406-A45E-CC57E5F262E1}.Release|Any CPU.ActiveCfg = Release|Any CPU
		{8DFB4A68-ABDD-4406-A45E-CC57E5F262E1}.Release|Any CPU.Build.0 = Release|Any CPU
		{C89AF81C-96BB-46F2-B0BE-6CDA86B7FA74}.Debug|Any CPU.ActiveCfg = Debug|Any CPU
		{C89AF81C-96BB-46F2-B0BE-6CDA86B7FA74}.Debug|Any CPU.Build.0 = Debug|Any CPU
		{C89AF81C-96BB-46F2-B0BE-6CDA86B7FA74}.Release|Any CPU.ActiveCfg = Debug|Any CPU
		{C89AF81C-96BB-46F2-B0BE-6CDA86B7FA74}.Release|Any CPU.Build.0 = Debug|Any CPU
		{B73CB9E7-7D8E-4DBE-8D38-0E4C46488BEF}.Debug|Any CPU.ActiveCfg = Debug|Any CPU
		{B73CB9E7-7D8E-4DBE-8D38-0E4C46488BEF}.Debug|Any CPU.Build.0 = Debug|Any CPU
		{B73CB9E7-7D8E-4DBE-8D38-0E4C46488BEF}.Release|Any CPU.ActiveCfg = Release|Any CPU
		{B73CB9E7-7D8E-4DBE-8D38-0E4C46488BEF}.Release|Any CPU.Build.0 = Release|Any CPU
		{478625C2-F694-4923-B7DA-C4D89670A199}.Debug|Any CPU.ActiveCfg = Debug|Any CPU
		{478625C2-F694-4923-B7DA-C4D89670A199}.Debug|Any CPU.Build.0 = Debug|Any CPU
		{478625C2-F694-4923-B7DA-C4D89670A199}.Release|Any CPU.ActiveCfg = Release|Any CPU
		{478625C2-F694-4923-B7DA-C4D89670A199}.Release|Any CPU.Build.0 = Release|Any CPU
		{D2A7CC82-76AA-4513-8391-984B7D4B7113}.Debug|Any CPU.ActiveCfg = Debug|Any CPU
		{D2A7CC82-76AA-4513-8391-984B7D4B7113}.Debug|Any CPU.Build.0 = Debug|Any CPU
		{D2A7CC82-76AA-4513-8391-984B7D4B7113}.Release|Any CPU.ActiveCfg = Release|Any CPU
		{D2A7CC82-76AA-4513-8391-984B7D4B7113}.Release|Any CPU.Build.0 = Release|Any CPU
		{CD1760B7-1FA8-4C87-A893-E32A3AB53687}.Debug|Any CPU.ActiveCfg = Debug|Any CPU
		{CD1760B7-1FA8-4C87-A893-E32A3AB53687}.Debug|Any CPU.Build.0 = Debug|Any CPU
		{CD1760B7-1FA8-4C87-A893-E32A3AB53687}.Release|Any CPU.ActiveCfg = Release|Any CPU
		{CD1760B7-1FA8-4C87-A893-E32A3AB53687}.Release|Any CPU.Build.0 = Release|Any CPU
		{520C67AA-5147-4BA7-9FE1-D01C840B196B}.Debug|Any CPU.ActiveCfg = Debug|Any CPU
		{520C67AA-5147-4BA7-9FE1-D01C840B196B}.Debug|Any CPU.Build.0 = Debug|Any CPU
		{520C67AA-5147-4BA7-9FE1-D01C840B196B}.Release|Any CPU.ActiveCfg = Release|Any CPU
		{520C67AA-5147-4BA7-9FE1-D01C840B196B}.Release|Any CPU.Build.0 = Release|Any CPU
		{4700F186-9FA3-452C-9D9D-F5AA2FFF5E22}.Debug|Any CPU.ActiveCfg = Debug|Any CPU
		{4700F186-9FA3-452C-9D9D-F5AA2FFF5E22}.Debug|Any CPU.Build.0 = Debug|Any CPU
		{4700F186-9FA3-452C-9D9D-F5AA2FFF5E22}.Release|Any CPU.ActiveCfg = Release|Any CPU
		{4700F186-9FA3-452C-9D9D-F5AA2FFF5E22}.Release|Any CPU.Build.0 = Release|Any CPU
		{4815AEB7-EC4E-483D-B9D2-E41BD5C028CB}.Debug|Any CPU.ActiveCfg = Debug|Any CPU
		{4815AEB7-EC4E-483D-B9D2-E41BD5C028CB}.Debug|Any CPU.Build.0 = Debug|Any CPU
		{4815AEB7-EC4E-483D-B9D2-E41BD5C028CB}.Release|Any CPU.ActiveCfg = Release|Any CPU
		{4815AEB7-EC4E-483D-B9D2-E41BD5C028CB}.Release|Any CPU.Build.0 = Release|Any CPU
		{24F178F5-4C72-4E93-9643-E50BA549685A}.Debug|Any CPU.ActiveCfg = Debug|Any CPU
		{24F178F5-4C72-4E93-9643-E50BA549685A}.Debug|Any CPU.Build.0 = Debug|Any CPU
		{24F178F5-4C72-4E93-9643-E50BA549685A}.Release|Any CPU.ActiveCfg = Release|Any CPU
		{24F178F5-4C72-4E93-9643-E50BA549685A}.Release|Any CPU.Build.0 = Release|Any CPU
	EndGlobalSection
EndGlobal
