
Microsoft Visual Studio Solution File, Format Version 12.00
Project("{2150E333-8FDC-42A3-9474-1A3956D46DE8}") = "src", "src", "{B1140821-C26A-4A14-BDE1-F3C30000CD81}"
EndProject
Project("{2150E333-8FDC-42A3-9474-1A3956D46DE8}") = "test", "test", "{1F3119E6-1C03-4169-BA66-0B10C4EAB0CE}"
EndProject
Project("{2150E333-8FDC-42A3-9474-1A3956D46DE8}") = "applications", "applications", "{E5619A59-360F-41E5-ADC4-7FEAD626A72E}"
EndProject
Project("{2150E333-8FDC-42A3-9474-1A3956D46DE8}") = "interfaces", "interfaces", "{BB6FBA33-5019-4E79-AB66-FCA31F19C84E}"
EndProject
Project("{2150E333-8FDC-42A3-9474-1A3956D46DE8}") = "libs", "libs", "{8765576F-B9D1-4D96-BA28-0D2383047C20}"
EndProject
Project("{2150E333-8FDC-42A3-9474-1A3956D46DE8}") = "applications", "applications", "{F305D5F7-8D93-4C61-9F1F-EEB1B8DC8833}"
EndProject
Project("{2150E333-8FDC-42A3-9474-1A3956D46DE8}") = "interfaces", "interfaces", "{C586ED47-92A9-41A9-985D-5D3441B3C889}"
EndProject
Project("{2150E333-8FDC-42A3-9474-1A3956D46DE8}") = "libs", "libs", "{C29CA08D-27B4-4106-A9D4-048DFA156DB7}"
EndProject
Project("{FAE04EC0-301F-11D3-BF4B-00C04F79EFBC}") = "Caracal.Text", "src\libs\Caracal.Text\Caracal.Text.csproj", "{2264FF2D-2119-400A-B4FD-42D3D411147F}"
EndProject
Project("{FAE04EC0-301F-11D3-BF4B-00C04F79EFBC}") = "Caracal.Text.Tests.Unit", "test\libs\Caracal.Text.Tests.Unit\Caracal.Text.Tests.Unit.csproj", "{945DBE69-AFDD-4C54-88A1-55A849D40552}"
EndProject
Project("{FAE04EC0-301F-11D3-BF4B-00C04F79EFBC}") = "Caracal.Messaging", "src\libs\Caracal.Messaging\Caracal.Messaging.csproj", "{2311A0B7-451B-48B3-98F7-DBFC825F44A6}"
EndProject
Project("{FAE04EC0-301F-11D3-BF4B-00C04F79EFBC}") = "Caracal.Messaging.Console.Demo", "src\interfaces\Caracal.Messaging.Console.Demo\Caracal.Messaging.Console.Demo.csproj", "{8DFB4A68-ABDD-4406-A45E-CC57E5F262E1}"
EndProject
Project("{FAE04EC0-301F-11D3-BF4B-00C04F79EFBC}") = "Caracal.Messaging.Application", "src\applications\Caracal.Messaging.Application\Caracal.Messaging.Application.csproj", "{571365E3-F608-4A05-B357-6DE0042A2A85}"
EndProject
Project("{2150E333-8FDC-42A3-9474-1A3956D46DE8}") = "dockerCompose", "dockerCompose", "{50FF4E3F-2DFE-4FD0-9C5E-715F1B1A50CF}"
EndProject
Project("{FAE04EC0-301F-11D3-BF4B-00C04F79EFBC}") = "docker-compose", "dockerCompose\docker-compose.dcproj", "{C89AF81C-96BB-46F2-B0BE-6CDA86B7FA74}"
EndProject
Global
	GlobalSection(SolutionConfigurationPlatforms) = preSolution
		Debug|Any CPU = Debug|Any CPU
		Release|Any CPU = Release|Any CPU
	EndGlobalSection
	GlobalSection(NestedProjects) = preSolution
		{E5619A59-360F-41E5-ADC4-7FEAD626A72E} = {B1140821-C26A-4A14-BDE1-F3C30000CD81}
		{BB6FBA33-5019-4E79-AB66-FCA31F19C84E} = {B1140821-C26A-4A14-BDE1-F3C30000CD81}
		{8765576F-B9D1-4D96-BA28-0D2383047C20} = {B1140821-C26A-4A14-BDE1-F3C30000CD81}
		{F305D5F7-8D93-4C61-9F1F-EEB1B8DC8833} = {1F3119E6-1C03-4169-BA66-0B10C4EAB0CE}
		{C586ED47-92A9-41A9-985D-5D3441B3C889} = {1F3119E6-1C03-4169-BA66-0B10C4EAB0CE}
		{C29CA08D-27B4-4106-A9D4-048DFA156DB7} = {1F3119E6-1C03-4169-BA66-0B10C4EAB0CE}
		{2264FF2D-2119-400A-B4FD-42D3D411147F} = {8765576F-B9D1-4D96-BA28-0D2383047C20}
		{945DBE69-AFDD-4C54-88A1-55A849D40552} = {C29CA08D-27B4-4106-A9D4-048DFA156DB7}
		{2311A0B7-451B-48B3-98F7-DBFC825F44A6} = {8765576F-B9D1-4D96-BA28-0D2383047C20}
		{8DFB4A68-ABDD-4406-A45E-CC57E5F262E1} = {BB6FBA33-5019-4E79-AB66-FCA31F19C84E}
		{571365E3-F608-4A05-B357-6DE0042A2A85} = {E5619A59-360F-41E5-ADC4-7FEAD626A72E}
		{C89AF81C-96BB-46F2-B0BE-6CDA86B7FA74} = {50FF4E3F-2DFE-4FD0-9C5E-715F1B1A50CF}
	EndGlobalSection
	GlobalSection(ProjectConfigurationPlatforms) = postSolution
		{2264FF2D-2119-400A-B4FD-42D3D411147F}.Debug|Any CPU.ActiveCfg = Debug|Any CPU
		{2264FF2D-2119-400A-B4FD-42D3D411147F}.Debug|Any CPU.Build.0 = Debug|Any CPU
		{2264FF2D-2119-400A-B4FD-42D3D411147F}.Release|Any CPU.ActiveCfg = Release|Any CPU
		{2264FF2D-2119-400A-B4FD-42D3D411147F}.Release|Any CPU.Build.0 = Release|Any CPU
		{945DBE69-AFDD-4C54-88A1-55A849D40552}.Debug|Any CPU.ActiveCfg = Debug|Any CPU
		{945DBE69-AFDD-4C54-88A1-55A849D40552}.Debug|Any CPU.Build.0 = Debug|Any CPU
		{945DBE69-AFDD-4C54-88A1-55A849D40552}.Release|Any CPU.ActiveCfg = Release|Any CPU
		{945DBE69-AFDD-4C54-88A1-55A849D40552}.Release|Any CPU.Build.0 = Release|Any CPU
		{2311A0B7-451B-48B3-98F7-DBFC825F44A6}.Debug|Any CPU.ActiveCfg = Debug|Any CPU
		{2311A0B7-451B-48B3-98F7-DBFC825F44A6}.Debug|Any CPU.Build.0 = Debug|Any CPU
		{2311A0B7-451B-48B3-98F7-DBFC825F44A6}.Release|Any CPU.ActiveCfg = Release|Any CPU
		{2311A0B7-451B-48B3-98F7-DBFC825F44A6}.Release|Any CPU.Build.0 = Release|Any CPU
		{8DFB4A68-ABDD-4406-A45E-CC57E5F262E1}.Debug|Any CPU.ActiveCfg = Debug|Any CPU
		{8DFB4A68-ABDD-4406-A45E-CC57E5F262E1}.Debug|Any CPU.Build.0 = Debug|Any CPU
		{8DFB4A68-ABDD-4406-A45E-CC57E5F262E1}.Release|Any CPU.ActiveCfg = Release|Any CPU
		{8DFB4A68-ABDD-4406-A45E-CC57E5F262E1}.Release|Any CPU.Build.0 = Release|Any CPU
		{571365E3-F608-4A05-B357-6DE0042A2A85}.Debug|Any CPU.ActiveCfg = Debug|Any CPU
		{571365E3-F608-4A05-B357-6DE0042A2A85}.Debug|Any CPU.Build.0 = Debug|Any CPU
		{571365E3-F608-4A05-B357-6DE0042A2A85}.Release|Any CPU.ActiveCfg = Release|Any CPU
		{571365E3-F608-4A05-B357-6DE0042A2A85}.Release|Any CPU.Build.0 = Release|Any CPU
		{C89AF81C-96BB-46F2-B0BE-6CDA86B7FA74}.Debug|Any CPU.ActiveCfg = Debug|Any CPU
		{C89AF81C-96BB-46F2-B0BE-6CDA86B7FA74}.Debug|Any CPU.Build.0 = Debug|Any CPU
		{C89AF81C-96BB-46F2-B0BE-6CDA86B7FA74}.Release|Any CPU.ActiveCfg = Debug|Any CPU
		{C89AF81C-96BB-46F2-B0BE-6CDA86B7FA74}.Release|Any CPU.Build.0 = Debug|Any CPU
	EndGlobalSection
EndGlobal
